<?xml version="1.0" encoding="utf-8"?>
<Project ToolsVersion="4.0" xmlns="http://schemas.microsoft.com/developer/msbuild/2003">
  <ItemGroup>
    <Filter Include="sample">
      <UniqueIdentifier>{d0e83cbd-e913-4191-a4e7-11d6ba862b82}</UniqueIdentifier>
    </Filter>
    <Filter Include="bellina-om">
      <UniqueIdentifier>{4aa32dab-8334-4fca-b16c-5742b2a183e0}</UniqueIdentifier>
    </Filter>
    <Filter Include="bellina-ui">
      <UniqueIdentifier>{99a8fd7f-407f-4682-827b-2a12a42b8e73}</UniqueIdentifier>
    </Filter>
    <Filter Include="bellina-lib">
      <UniqueIdentifier>{9e61c58c-bf10-4f5c-883b-30f5831b1f45}</UniqueIdentifier>
    </Filter>
    <Filter Include="header files">
      <UniqueIdentifier>{93995380-89BD-4b04-88EB-625FBE52EBFB}</UniqueIdentifier>
      <Extensions>h;hh;hpp;hxx;hm;inl;inc;xsd</Extensions>
    </Filter>
    <Filter Include="source files">
      <UniqueIdentifier>{4FC737F1-C7A5-4376-A066-2A32D752A2FF}</UniqueIdentifier>
      <Extensions>cpp;c;cc;cxx;def;odl;idl;hpj;bat;asm;asmx</Extensions>
    </Filter>
    <Filter Include="source files\soil">
      <UniqueIdentifier>{641b7315-bfbc-4c99-aa65-4efb36e2d195}</UniqueIdentifier>
    </Filter>
    <Filter Include="source files\free_font">
      <UniqueIdentifier>{a6b6e25f-b395-4efd-afdc-6365a7c4bf3a}</UniqueIdentifier>
    </Filter>
    <Filter Include="source files\g2">
      <UniqueIdentifier>{4a535589-ef64-4b7c-9032-b4f8e50b76c8}</UniqueIdentifier>
    </Filter>
    <Filter Include="source files\g2\include">
      <UniqueIdentifier>{a0dae0cb-eba9-4900-9f23-30f57097e313}</UniqueIdentifier>
    </Filter>
    <Filter Include="bellina-render">
      <UniqueIdentifier>{75d67782-efd1-467e-9a7c-ff9cfac449ca}</UniqueIdentifier>
    </Filter>
    <Filter Include="bellina-util">
      <UniqueIdentifier>{5a36d469-8554-4e39-8ea5-bec76ae17e19}</UniqueIdentifier>
    </Filter>
    <Filter Include="bl-input">
      <UniqueIdentifier>{6feae816-4d32-4161-8338-1c4a8fe86136}</UniqueIdentifier>
    </Filter>
  </ItemGroup>
  <ItemGroup>
    <Text Include="ReadMe.txt" />
  </ItemGroup>
  <ItemGroup>
    <ClInclude Include="targetver.h">
      <Filter>header files</Filter>
    </ClInclude>
    <ClInclude Include="stdafx.h">
      <Filter>source files</Filter>
    </ClInclude>
    <ClInclude Include="..\..\..\c_lib\lib\Soil\image_DXT.h">
      <Filter>source files\soil</Filter>
    </ClInclude>
    <ClInclude Include="..\..\..\c_lib\lib\Soil\image_helper.h">
      <Filter>source files\soil</Filter>
    </ClInclude>
    <ClInclude Include="..\..\..\c_lib\lib\Soil\SOIL.h">
      <Filter>source files\soil</Filter>
    </ClInclude>
    <ClInclude Include="..\..\..\c_lib\lib\Soil\stb_image_aug.h">
      <Filter>source files\soil</Filter>
    </ClInclude>
    <ClInclude Include="..\..\..\c_lib\lib\Soil\stbi_DDS_aug.h">
      <Filter>source files\soil</Filter>
    </ClInclude>
    <ClInclude Include="..\..\..\c_lib\lib\Soil\stbi_DDS_aug_c.h">
      <Filter>source files\soil</Filter>
    </ClInclude>
    <ClInclude Include="..\..\..\FreeFont\free_font\free_font\free_font.h">
      <Filter>source files\free_font</Filter>
    </ClInclude>
    <ClInclude Include="..\..\..\g2\g2\g2\AceFramebuffer.hpp">
      <Filter>source files\g2\include</Filter>
    </ClInclude>
    <ClInclude Include="..\..\..\g2\g2\g2\AceImageRect.hpp">
      <Filter>source files\g2\include</Filter>
    </ClInclude>
    <ClInclude Include="..\..\..\g2\g2\g2\AceMaskRgbRect.hpp">
      <Filter>source files\g2\include</Filter>
    </ClInclude>
    <ClInclude Include="..\..\..\g2\g2\g2\AceProgram.hpp">
      <Filter>source files\g2\include</Filter>
    </ClInclude>
    <ClInclude Include="..\..\..\g2\g2\g2\AceRgbRect.hpp">
      <Filter>source files\g2\include</Filter>
    </ClInclude>
    <ClInclude Include="..\..\..\g2\g2\g2\AceShader.hpp">
      <Filter>source files\g2\include</Filter>
    </ClInclude>
    <ClInclude Include="..\..\..\g2\g2\g2\AceTexture.hpp">
      <Filter>source files\g2\include</Filter>
    </ClInclude>
    <ClInclude Include="..\..\..\g2\g2\g2\AceTextureGlyph.hpp">
      <Filter>source files\g2\include</Filter>
    </ClInclude>
    <ClInclude Include="..\..\..\g2\g2\g2\AceTextureRect.hpp">
      <Filter>source files\g2\include</Filter>
    </ClInclude>
    <ClInclude Include="..\..\..\g2\g2\g2\g2.h">
      <Filter>source files\g2\include</Filter>
    </ClInclude>
    <ClInclude Include="..\..\..\g2\g2\g2\g2_canvas.h">
      <Filter>source files\g2\include</Filter>
    </ClInclude>
    <ClInclude Include="..\..\..\g2\g2\g2\g2_core.h">
      <Filter>source files\g2\include</Filter>
    </ClInclude>
    <ClInclude Include="..\..\..\g2\g2\g2\g2_externals.h">
      <Filter>source files\g2\include</Filter>
    </ClInclude>
    <ClInclude Include="..\..\..\g2\g2\g2\g2_font.h">
      <Filter>source files\g2\include</Filter>
    </ClInclude>
    <ClInclude Include="..\..\..\g2\g2\g2\g2_opacity.h">
      <Filter>source files\g2\include</Filter>
    </ClInclude>
    <ClInclude Include="..\..\..\g2\g2\g2\g2_texture.h">
      <Filter>source files\g2\include</Filter>
    </ClInclude>
    <ClInclude Include="sample\main.h">
      <Filter>sample</Filter>
    </ClInclude>
    <ClInclude Include="bellina\bellina.h">
      <Filter>bellina-lib</Filter>
    </ClInclude>
    <ClInclude Include="bellina\bl-extern.h">
      <Filter>bellina-lib</Filter>
    </ClInclude>
    <ClInclude Include="bellina\bl-node.h">
      <Filter>bellina-lib</Filter>
    </ClInclude>
    <ClInclude Include="bellina\bl-ui.h">
      <Filter>bellina-ui</Filter>
    </ClInclude>
    <ClInclude Include="bellina\bl-render.h">
      <Filter>bellina-render</Filter>
    </ClInclude>
    <ClInclude Include="bellina\bl-core.h">
      <Filter>bellina-om</Filter>
    </ClInclude>
    <ClInclude Include="bellina\bl-fluent-border.h">
      <Filter>bellina-om</Filter>
    </ClInclude>
    <ClInclude Include="bellina\bl-fluent-font.h">
      <Filter>bellina-om</Filter>
    </ClInclude>
    <ClInclude Include="bellina\bl-flags.h">
      <Filter>bellina-lib</Filter>
    </ClInclude>
    <ClInclude Include="bellina\bl-sys.h">
      <Filter>bellina-util</Filter>
    </ClInclude>
  </ItemGroup>
  <ItemGroup>
    <ClCompile Include="stdafx.cpp">
      <Filter>header files</Filter>
    </ClCompile>
    <ClCompile Include="..\..\..\c_lib\lib\Soil\image_DXT.cpp">
      <Filter>source files\soil</Filter>
    </ClCompile>
    <ClCompile Include="..\..\..\c_lib\lib\Soil\image_helper.cpp">
      <Filter>source files\soil</Filter>
    </ClCompile>
    <ClCompile Include="..\..\..\c_lib\lib\Soil\SOIL.cpp">
      <Filter>source files\soil</Filter>
    </ClCompile>
    <ClCompile Include="..\..\..\c_lib\lib\Soil\stb_image_aug.cpp">
      <Filter>source files\soil</Filter>
    </ClCompile>
    <ClCompile Include="..\..\..\FreeFont\free_font\free_font\free_font.cpp">
      <Filter>source files\free_font</Filter>
    </ClCompile>
    <ClCompile Include="..\..\..\g2\g2\g2_cpp\AceTexture.cpp">
      <Filter>source files\g2</Filter>
    </ClCompile>
    <ClCompile Include="..\..\..\g2\g2\g2_cpp\g2_canvas.cpp">
      <Filter>source files\g2</Filter>
    </ClCompile>
    <ClCompile Include="..\..\..\g2\g2\g2_cpp\g2_core.cpp">
      <Filter>source files\g2</Filter>
    </ClCompile>
    <ClCompile Include="..\..\..\g2\g2\g2_cpp\g2_font.cpp">
      <Filter>source files\g2</Filter>
    </ClCompile>
    <ClCompile Include="..\..\..\g2\g2\g2_cpp\g2_internal.cpp">
      <Filter>source files\g2</Filter>
    </ClCompile>
    <ClCompile Include="..\..\..\g2\g2\g2_cpp\g2_mask.cpp">
      <Filter>source files\g2</Filter>
    </ClCompile>
    <ClCompile Include="..\..\..\g2\g2\g2_cpp\g2_opacity.cpp">
      <Filter>source files\g2</Filter>
    </ClCompile>
    <ClCompile Include="..\..\..\g2\g2\g2_cpp\g2_rect.cpp">
      <Filter>source files\g2</Filter>
    </ClCompile>
    <ClCompile Include="..\..\..\g2\g2\g2_cpp\g2_texture.cpp">
      <Filter>source files\g2</Filter>
    </ClCompile>
    <ClCompile Include="sample\init.cpp">
      <Filter>sample</Filter>
    </ClCompile>
    <ClCompile Include="sample\main.cpp">
      <Filter>sample</Filter>
    </ClCompile>
    <ClCompile Include="bellina\bl-internal.cpp">
      <Filter>bellina-lib</Filter>
    </ClCompile>
    <ClCompile Include="bellina\bl-node.cpp">
      <Filter>bellina-lib</Filter>
    </ClCompile>
    <ClCompile Include="bellina\bl-ui.cpp">
      <Filter>bellina-ui</Filter>
    </ClCompile>
    <ClCompile Include="bellina\bl-render.cpp">
      <Filter>bellina-render</Filter>
    </ClCompile>
    <ClCompile Include="bellina\bl-core.cpp">
      <Filter>bellina-om</Filter>
    </ClCompile>
    <ClCompile Include="bellina\bl-fluent-border.cpp">
      <Filter>bellina-om</Filter>
    </ClCompile>
    <ClCompile Include="bellina\bl-fluent-font.cpp">
      <Filter>bellina-om</Filter>
    </ClCompile>
    <ClCompile Include="bellina\bl-flags.cpp">
      <Filter>bellina-lib</Filter>
    </ClCompile>
    <ClCompile Include="bellina\bl-util.cpp">
      <Filter>bellina-util</Filter>
    </ClCompile>
    <ClCompile Include="bellina\bl-sys.cpp">
      <Filter>bellina-util</Filter>
    </ClCompile>
    <ClCompile Include="bellina\bl-mouse.cpp">
      <Filter>bl-input</Filter>
    </ClCompile>
    <ClCompile Include="bellina\bl-key.cpp">
      <Filter>bl-input</Filter>
    </ClCompile>
  </ItemGroup>
</Project>