<?xml version="1.0" encoding="utf-8"?>
<Project ToolsVersion="4.0" xmlns="http://schemas.microsoft.com/developer/msbuild/2003">
  <ItemGroup>
    <Filter Include="Source Files">
      <UniqueIdentifier>{4FC737F1-C7A5-4376-A066-2A32D752A2FF}</UniqueIdentifier>
      <Extensions>cpp;c;cc;cxx;def;odl;idl;hpj;bat;asm;asmx</Extensions>
    </Filter>
    <Filter Include="Header Files">
      <UniqueIdentifier>{93995380-89BD-4b04-88EB-625FBE52EBFB}</UniqueIdentifier>
      <Extensions>h;hh;hpp;hxx;hm;inl;inc;xsd</Extensions>
    </Filter>
    <Filter Include="bellina_core">
      <UniqueIdentifier>{9e61c58c-bf10-4f5c-883b-30f5831b1f45}</UniqueIdentifier>
    </Filter>
    <Filter Include="Source Files\soil">
      <UniqueIdentifier>{641b7315-bfbc-4c99-aa65-4efb36e2d195}</UniqueIdentifier>
    </Filter>
    <Filter Include="Source Files\free_font">
      <UniqueIdentifier>{a6b6e25f-b395-4efd-afdc-6365a7c4bf3a}</UniqueIdentifier>
    </Filter>
    <Filter Include="Source Files\g2">
      <UniqueIdentifier>{4a535589-ef64-4b7c-9032-b4f8e50b76c8}</UniqueIdentifier>
    </Filter>
    <Filter Include="Source Files\g2\include">
      <UniqueIdentifier>{a0dae0cb-eba9-4900-9f23-30f57097e313}</UniqueIdentifier>
    </Filter>
  </ItemGroup>
  <ItemGroup>
    <Text Include="ReadMe.txt" />
  </ItemGroup>
  <ItemGroup>
    <ClInclude Include="targetver.h">
      <Filter>Header Files</Filter>
    </ClInclude>
    <ClInclude Include="main.h">
      <Filter>Source Files</Filter>
    </ClInclude>
    <ClInclude Include="stdafx.h">
      <Filter>Source Files</Filter>
    </ClInclude>
    <ClInclude Include="bellina.h">
      <Filter>bellina_core</Filter>
    </ClInclude>
    <ClInclude Include="bl-node.h">
      <Filter>bellina_core</Filter>
    </ClInclude>
    <ClInclude Include="bl-render.h">
      <Filter>bellina_core</Filter>
    </ClInclude>
    <ClInclude Include="bl-core.h">
      <Filter>bellina_core</Filter>
    </ClInclude>
    <ClInclude Include="bl-extern.h">
      <Filter>bellina_core</Filter>
    </ClInclude>
    <ClInclude Include="..\..\..\c_lib\lib\Soil\image_DXT.h">
      <Filter>Source Files\soil</Filter>
    </ClInclude>
    <ClInclude Include="..\..\..\c_lib\lib\Soil\image_helper.h">
      <Filter>Source Files\soil</Filter>
    </ClInclude>
    <ClInclude Include="..\..\..\c_lib\lib\Soil\SOIL.h">
      <Filter>Source Files\soil</Filter>
    </ClInclude>
    <ClInclude Include="..\..\..\c_lib\lib\Soil\stb_image_aug.h">
      <Filter>Source Files\soil</Filter>
    </ClInclude>
    <ClInclude Include="..\..\..\c_lib\lib\Soil\stbi_DDS_aug.h">
      <Filter>Source Files\soil</Filter>
    </ClInclude>
    <ClInclude Include="..\..\..\c_lib\lib\Soil\stbi_DDS_aug_c.h">
      <Filter>Source Files\soil</Filter>
    </ClInclude>
    <ClInclude Include="..\..\..\FreeFont\free_font\free_font\free_font.h">
      <Filter>Source Files\free_font</Filter>
    </ClInclude>
    <ClInclude Include="..\..\..\g2\g2\g2\AceFramebuffer.hpp">
      <Filter>Source Files\g2\include</Filter>
    </ClInclude>
    <ClInclude Include="..\..\..\g2\g2\g2\AceImageRect.hpp">
      <Filter>Source Files\g2\include</Filter>
    </ClInclude>
    <ClInclude Include="..\..\..\g2\g2\g2\AceMaskRgbRect.hpp">
      <Filter>Source Files\g2\include</Filter>
    </ClInclude>
    <ClInclude Include="..\..\..\g2\g2\g2\AceProgram.hpp">
      <Filter>Source Files\g2\include</Filter>
    </ClInclude>
    <ClInclude Include="..\..\..\g2\g2\g2\AceRgbRect.hpp">
      <Filter>Source Files\g2\include</Filter>
    </ClInclude>
    <ClInclude Include="..\..\..\g2\g2\g2\AceShader.hpp">
      <Filter>Source Files\g2\include</Filter>
    </ClInclude>
    <ClInclude Include="..\..\..\g2\g2\g2\AceTexture.hpp">
      <Filter>Source Files\g2\include</Filter>
    </ClInclude>
    <ClInclude Include="..\..\..\g2\g2\g2\AceTextureGlyph.hpp">
      <Filter>Source Files\g2\include</Filter>
    </ClInclude>
    <ClInclude Include="..\..\..\g2\g2\g2\AceTextureRect.hpp">
      <Filter>Source Files\g2\include</Filter>
    </ClInclude>
    <ClInclude Include="..\..\..\g2\g2\g2\g2.h">
      <Filter>Source Files\g2\include</Filter>
    </ClInclude>
    <ClInclude Include="..\..\..\g2\g2\g2\g2_canvas.h">
      <Filter>Source Files\g2\include</Filter>
    </ClInclude>
    <ClInclude Include="..\..\..\g2\g2\g2\g2_core.h">
      <Filter>Source Files\g2\include</Filter>
    </ClInclude>
    <ClInclude Include="..\..\..\g2\g2\g2\g2_externals.h">
      <Filter>Source Files\g2\include</Filter>
    </ClInclude>
    <ClInclude Include="..\..\..\g2\g2\g2\g2_font.h">
      <Filter>Source Files\g2\include</Filter>
    </ClInclude>
    <ClInclude Include="..\..\..\g2\g2\g2\g2_opacity.h">
      <Filter>Source Files\g2\include</Filter>
    </ClInclude>
    <ClInclude Include="..\..\..\g2\g2\g2\g2_texture.h">
      <Filter>Source Files\g2\include</Filter>
    </ClInclude>
  </ItemGroup>
  <ItemGroup>
    <ClCompile Include="main.cpp">
      <Filter>Source Files</Filter>
    </ClCompile>
    <ClCompile Include="callbacks.cpp">
      <Filter>Source Files</Filter>
    </ClCompile>
    <ClCompile Include="init.cpp">
      <Filter>Source Files</Filter>
    </ClCompile>
    <ClCompile Include="stdafx.cpp">
      <Filter>Header Files</Filter>
    </ClCompile>
    <ClCompile Include="bl-node.cpp">
      <Filter>bellina_core</Filter>
    </ClCompile>
    <ClCompile Include="bl-render.cpp">
      <Filter>bellina_core</Filter>
    </ClCompile>
    <ClCompile Include="bl-core.cpp">
      <Filter>bellina_core</Filter>
    </ClCompile>
    <ClCompile Include="bl-internal.cpp">
      <Filter>bellina_core</Filter>
    </ClCompile>
    <ClCompile Include="..\..\..\c_lib\lib\Soil\image_DXT.cpp">
      <Filter>Source Files\soil</Filter>
    </ClCompile>
    <ClCompile Include="..\..\..\c_lib\lib\Soil\image_helper.cpp">
      <Filter>Source Files\soil</Filter>
    </ClCompile>
    <ClCompile Include="..\..\..\c_lib\lib\Soil\SOIL.cpp">
      <Filter>Source Files\soil</Filter>
    </ClCompile>
    <ClCompile Include="..\..\..\c_lib\lib\Soil\stb_image_aug.cpp">
      <Filter>Source Files\soil</Filter>
    </ClCompile>
    <ClCompile Include="..\..\..\FreeFont\free_font\free_font\free_font.cpp">
      <Filter>Source Files\free_font</Filter>
    </ClCompile>
    <ClCompile Include="..\..\..\g2\g2\g2_cpp\AceTexture.cpp">
      <Filter>Source Files\g2</Filter>
    </ClCompile>
    <ClCompile Include="..\..\..\g2\g2\g2_cpp\g2_canvas.cpp">
      <Filter>Source Files\g2</Filter>
    </ClCompile>
    <ClCompile Include="..\..\..\g2\g2\g2_cpp\g2_core.cpp">
      <Filter>Source Files\g2</Filter>
    </ClCompile>
    <ClCompile Include="..\..\..\g2\g2\g2_cpp\g2_font.cpp">
      <Filter>Source Files\g2</Filter>
    </ClCompile>
    <ClCompile Include="..\..\..\g2\g2\g2_cpp\g2_internal.cpp">
      <Filter>Source Files\g2</Filter>
    </ClCompile>
    <ClCompile Include="..\..\..\g2\g2\g2_cpp\g2_mask.cpp">
      <Filter>Source Files\g2</Filter>
    </ClCompile>
    <ClCompile Include="..\..\..\g2\g2\g2_cpp\g2_opacity.cpp">
      <Filter>Source Files\g2</Filter>
    </ClCompile>
    <ClCompile Include="..\..\..\g2\g2\g2_cpp\g2_rect.cpp">
      <Filter>Source Files\g2</Filter>
    </ClCompile>
    <ClCompile Include="..\..\..\g2\g2\g2_cpp\g2_texture.cpp">
      <Filter>Source Files\g2</Filter>
    </ClCompile>
  </ItemGroup>
</Project>