<?xml version="1.0" encoding="utf-8"?>
<Project ToolsVersion="4.0" xmlns="http://schemas.microsoft.com/developer/msbuild/2003">
  <ItemGroup>
    <Filter Include="sample">
      <UniqueIdentifier>{d0e83cbd-e913-4191-a4e7-11d6ba862b82}</UniqueIdentifier>
    </Filter>
    <Filter Include="header files">
      <UniqueIdentifier>{93995380-89BD-4b04-88EB-625FBE52EBFB}</UniqueIdentifier>
      <Extensions>h;hh;hpp;hxx;hm;inl;inc;xsd</Extensions>
    </Filter>
    <Filter Include="source files">
      <UniqueIdentifier>{4FC737F1-C7A5-4376-A066-2A32D752A2FF}</UniqueIdentifier>
      <Extensions>cpp;c;cc;cxx;def;odl;idl;hpj;bat;asm;asmx</Extensions>
    </Filter>
    <Filter Include="source files\soil">
      <UniqueIdentifier>{641b7315-bfbc-4c99-aa65-4efb36e2d195}</UniqueIdentifier>
    </Filter>
    <Filter Include="source files\free_font">
      <UniqueIdentifier>{a6b6e25f-b395-4efd-afdc-6365a7c4bf3a}</UniqueIdentifier>
    </Filter>
    <Filter Include="source files\g2">
      <UniqueIdentifier>{4a535589-ef64-4b7c-9032-b4f8e50b76c8}</UniqueIdentifier>
    </Filter>
    <Filter Include="source files\g2\include">
      <UniqueIdentifier>{a0dae0cb-eba9-4900-9f23-30f57097e313}</UniqueIdentifier>
    </Filter>
    <Filter Include="plugins">
      <UniqueIdentifier>{848fd597-a661-49a2-b297-3eee48ad12fb}</UniqueIdentifier>
    </Filter>
    <Filter Include="source files\eos">
      <UniqueIdentifier>{5925e3bf-4f89-416d-b5e2-ebeaa2e712e2}</UniqueIdentifier>
    </Filter>
    <Filter Include="plugins\focus">
      <UniqueIdentifier>{1b9b1552-ee6f-4d5a-993d-466e80c68311}</UniqueIdentifier>
    </Filter>
    <Filter Include="plugins\click">
      <UniqueIdentifier>{8747d206-28b0-4f50-adb2-802fbb54e23f}</UniqueIdentifier>
    </Filter>
    <Filter Include="bellina">
      <UniqueIdentifier>{1e09382e-7174-4c90-9591-5ca344e78f51}</UniqueIdentifier>
    </Filter>
    <Filter Include="bellina\bl-listener">
      <UniqueIdentifier>{744ae470-9c3c-4d14-a910-66a600fe01cd}</UniqueIdentifier>
    </Filter>
    <Filter Include="bellina\bl-input">
      <UniqueIdentifier>{6feae816-4d32-4161-8338-1c4a8fe86136}</UniqueIdentifier>
    </Filter>
    <Filter Include="bellina\bl-core">
      <UniqueIdentifier>{c273aa34-e03d-401a-a980-f39f55f93805}</UniqueIdentifier>
    </Filter>
    <Filter Include="bellina\bl-util">
      <UniqueIdentifier>{5a36d469-8554-4e39-8ea5-bec76ae17e19}</UniqueIdentifier>
    </Filter>
    <Filter Include="bellina\bl-plugin">
      <UniqueIdentifier>{f65a4e13-c5ba-4c2c-9f90-fc9be03555b1}</UniqueIdentifier>
    </Filter>
    <Filter Include="bellina\bl-om">
      <UniqueIdentifier>{4aa32dab-8334-4fca-b16c-5742b2a183e0}</UniqueIdentifier>
    </Filter>
    <Filter Include="bellina\bl-lib">
      <UniqueIdentifier>{9e61c58c-bf10-4f5c-883b-30f5831b1f45}</UniqueIdentifier>
    </Filter>
    <Filter Include="bellina\bl-echo">
      <UniqueIdentifier>{43fe28f4-53d0-4e89-ac2e-cfdf6e7e9a33}</UniqueIdentifier>
    </Filter>
    <Filter Include="plugins\double-click">
      <UniqueIdentifier>{6ed2670f-452f-4d07-874d-4c90be9ea528}</UniqueIdentifier>
    </Filter>
    <Filter Include="bellina\bl-core\life cycle">
      <UniqueIdentifier>{45fcce16-999e-4a45-88c6-b621ebae23d0}</UniqueIdentifier>
    </Filter>
    <Filter Include="plugins\z-index">
      <UniqueIdentifier>{a1d1d675-eb10-45b8-971c-1c4863d32d08}</UniqueIdentifier>
    </Filter>
    <Filter Include="bellina\bl-input\pump">
      <UniqueIdentifier>{de2bd3b3-b15d-42a7-871a-2d930c0fc286}</UniqueIdentifier>
    </Filter>
    <Filter Include="bellina\bl-input\mouse">
      <UniqueIdentifier>{fd1a37a6-50a7-4139-be50-5098ba4ddaaa}</UniqueIdentifier>
    </Filter>
    <Filter Include="plugins\mouse-in">
      <UniqueIdentifier>{7b7c2c3a-278a-46cf-ac7a-8e3ddab0afd4}</UniqueIdentifier>
    </Filter>
    <Filter Include="plugins\resize">
      <UniqueIdentifier>{fa9832c9-21e4-4464-ac57-a2a7b43e626f}</UniqueIdentifier>
    </Filter>
    <Filter Include="plugins\mouse-drag">
      <UniqueIdentifier>{ec693f88-7e0f-43cc-a280-e098edfeddce}</UniqueIdentifier>
    </Filter>
    <Filter Include="plugins\node-drag">
      <UniqueIdentifier>{68f3f474-ba8d-42e4-a7bd-7c835eca8b91}</UniqueIdentifier>
    </Filter>
    <Filter Include="bellina\bl-om\node">
      <UniqueIdentifier>{fa57a8c4-172d-49cb-879d-4b3668f99fc9}</UniqueIdentifier>
    </Filter>
    <Filter Include="bellina\bl-om\shadow">
      <UniqueIdentifier>{f8e17940-fbe0-4494-8ee5-2354d601c730}</UniqueIdentifier>
    </Filter>
  </ItemGroup>
  <ItemGroup>
    <Text Include="ReadMe.txt" />
  </ItemGroup>
  <ItemGroup>
    <ClInclude Include="targetver.h">
      <Filter>header files</Filter>
    </ClInclude>
    <ClInclude Include="stdafx.h">
      <Filter>source files</Filter>
    </ClInclude>
    <ClInclude Include="..\..\..\c_lib\lib\Soil\image_DXT.h">
      <Filter>source files\soil</Filter>
    </ClInclude>
    <ClInclude Include="..\..\..\c_lib\lib\Soil\image_helper.h">
      <Filter>source files\soil</Filter>
    </ClInclude>
    <ClInclude Include="..\..\..\c_lib\lib\Soil\SOIL.h">
      <Filter>source files\soil</Filter>
    </ClInclude>
    <ClInclude Include="..\..\..\c_lib\lib\Soil\stb_image_aug.h">
      <Filter>source files\soil</Filter>
    </ClInclude>
    <ClInclude Include="..\..\..\c_lib\lib\Soil\stbi_DDS_aug.h">
      <Filter>source files\soil</Filter>
    </ClInclude>
    <ClInclude Include="..\..\..\c_lib\lib\Soil\stbi_DDS_aug_c.h">
      <Filter>source files\soil</Filter>
    </ClInclude>
    <ClInclude Include="..\..\..\FreeFont\free_font\free_font\free_font.h">
      <Filter>source files\free_font</Filter>
    </ClInclude>
    <ClInclude Include="..\..\..\g2\g2\g2\AceFramebuffer.hpp">
      <Filter>source files\g2\include</Filter>
    </ClInclude>
    <ClInclude Include="..\..\..\g2\g2\g2\AceImageRect.hpp">
      <Filter>source files\g2\include</Filter>
    </ClInclude>
    <ClInclude Include="..\..\..\g2\g2\g2\AceMaskRgbRect.hpp">
      <Filter>source files\g2\include</Filter>
    </ClInclude>
    <ClInclude Include="..\..\..\g2\g2\g2\AceProgram.hpp">
      <Filter>source files\g2\include</Filter>
    </ClInclude>
    <ClInclude Include="..\..\..\g2\g2\g2\AceRgbRect.hpp">
      <Filter>source files\g2\include</Filter>
    </ClInclude>
    <ClInclude Include="..\..\..\g2\g2\g2\AceShader.hpp">
      <Filter>source files\g2\include</Filter>
    </ClInclude>
    <ClInclude Include="..\..\..\g2\g2\g2\AceTexture.hpp">
      <Filter>source files\g2\include</Filter>
    </ClInclude>
    <ClInclude Include="..\..\..\g2\g2\g2\AceTextureGlyph.hpp">
      <Filter>source files\g2\include</Filter>
    </ClInclude>
    <ClInclude Include="..\..\..\g2\g2\g2\AceTextureRect.hpp">
      <Filter>source files\g2\include</Filter>
    </ClInclude>
    <ClInclude Include="..\..\..\g2\g2\g2\g2.h">
      <Filter>source files\g2\include</Filter>
    </ClInclude>
    <ClInclude Include="..\..\..\g2\g2\g2\g2_canvas.h">
      <Filter>source files\g2\include</Filter>
    </ClInclude>
    <ClInclude Include="..\..\..\g2\g2\g2\g2_core.h">
      <Filter>source files\g2\include</Filter>
    </ClInclude>
    <ClInclude Include="..\..\..\g2\g2\g2\g2_externals.h">
      <Filter>source files\g2\include</Filter>
    </ClInclude>
    <ClInclude Include="..\..\..\g2\g2\g2\g2_font.h">
      <Filter>source files\g2\include</Filter>
    </ClInclude>
    <ClInclude Include="..\..\..\g2\g2\g2\g2_opacity.h">
      <Filter>source files\g2\include</Filter>
    </ClInclude>
    <ClInclude Include="..\..\..\g2\g2\g2\g2_texture.h">
      <Filter>source files\g2\include</Filter>
    </ClInclude>
    <ClInclude Include="sample\main.h">
      <Filter>sample</Filter>
    </ClInclude>
    <ClInclude Include="bellina\bellina.h">
      <Filter>bellina\bl-lib</Filter>
    </ClInclude>
    <ClInclude Include="bellina\bl-fluent-border.h">
      <Filter>bellina\bl-om</Filter>
    </ClInclude>
    <ClInclude Include="bellina\bl-fluent-font.h">
      <Filter>bellina\bl-om</Filter>
    </ClInclude>
    <ClInclude Include="bellina\bl-flags.h">
      <Filter>bellina\bl-lib</Filter>
    </ClInclude>
    <ClInclude Include="bellina\bl-sys.h">
      <Filter>bellina\bl-util</Filter>
    </ClInclude>
    <ClInclude Include="bellina\bl-plugin.h">
      <Filter>bellina\bl-plugin</Filter>
    </ClInclude>
    <ClInclude Include="..\..\..\eos\eos_dev\eos_dev\eos\eos.h">
      <Filter>source files\eos</Filter>
    </ClInclude>
    <ClInclude Include="bellina\bl-util.h">
      <Filter>bellina\bl-util</Filter>
    </ClInclude>
    <ClInclude Include="bellina\bl-input.h">
      <Filter>bellina\bl-input</Filter>
    </ClInclude>
    <ClInclude Include="plugins\focus\focus.h">
      <Filter>plugins\focus</Filter>
    </ClInclude>
    <ClInclude Include="plugins\click\click.h">
      <Filter>plugins\click</Filter>
    </ClInclude>
    <ClInclude Include="bellina\bl-listener.h">
      <Filter>bellina\bl-listener</Filter>
    </ClInclude>
    <ClInclude Include="bellina\bl-core.h">
      <Filter>bellina\bl-core</Filter>
    </ClInclude>
    <ClInclude Include="bellina\bl-globals.h">
      <Filter>bellina\bl-core</Filter>
    </ClInclude>
    <ClInclude Include="bellina\bl-echo.h">
      <Filter>bellina\bl-echo</Filter>
    </ClInclude>
    <ClInclude Include="bellina\bl-types.h">
      <Filter>bellina\bl-core</Filter>
    </ClInclude>
    <ClInclude Include="bellina\bl-plugin-bubble.h">
      <Filter>bellina\bl-plugin</Filter>
    </ClInclude>
    <ClInclude Include="plugins\double-click\double-click.h">
      <Filter>plugins\double-click</Filter>
    </ClInclude>
    <ClInclude Include="bellina\bl-lifecycle.h">
      <Filter>bellina\bl-core\life cycle</Filter>
    </ClInclude>
    <ClInclude Include="bellina\bl-shadow.h">
      <Filter>bellina\bl-om\shadow</Filter>
    </ClInclude>
    <ClInclude Include="plugins\z-index\z-index.h">
      <Filter>plugins\z-index</Filter>
    </ClInclude>
    <ClInclude Include="bellina\bl-pump.h">
      <Filter>bellina\bl-input\pump</Filter>
    </ClInclude>
    <ClInclude Include="plugins\z-index\order-info.h">
      <Filter>plugins\z-index</Filter>
    </ClInclude>
    <ClInclude Include="bellina\bl-mouse.h">
      <Filter>bellina\bl-input\mouse</Filter>
    </ClInclude>
    <ClInclude Include="plugins\mouse-in\mouse-in.h">
      <Filter>plugins\mouse-in</Filter>
    </ClInclude>
    <ClInclude Include="plugins\resize\resize.h">
      <Filter>plugins\resize</Filter>
    </ClInclude>
    <ClInclude Include="plugins\mouse-drag\mouse-drag.h">
      <Filter>plugins\mouse-drag</Filter>
    </ClInclude>
    <ClInclude Include="plugins\node-drag\node-drag.h">
      <Filter>plugins\node-drag</Filter>
    </ClInclude>
    <ClInclude Include="plugins\resize\ResizeContext.h">
      <Filter>plugins\resize</Filter>
    </ClInclude>
    <ClInclude Include="plugins\node-drag\NodeDragContext.h">
      <Filter>plugins\node-drag</Filter>
    </ClInclude>
    <ClInclude Include="bellina\BasePluginContext.h">
      <Filter>bellina\bl-plugin</Filter>
    </ClInclude>
    <ClInclude Include="bellina\bl-node.h">
      <Filter>bellina\bl-om\node</Filter>
    </ClInclude>
    <ClInclude Include="bellina\bl-shadow-node.h">
      <Filter>bellina\bl-om\shadow</Filter>
    </ClInclude>
    <ClInclude Include="plugins\z-index\ZIndexContext.h">
      <Filter>plugins\z-index</Filter>
    </ClInclude>
  </ItemGroup>
  <ItemGroup>
    <ClCompile Include="stdafx.cpp">
      <Filter>header files</Filter>
    </ClCompile>
    <ClCompile Include="..\..\..\c_lib\lib\Soil\image_DXT.cpp">
      <Filter>source files\soil</Filter>
    </ClCompile>
    <ClCompile Include="..\..\..\c_lib\lib\Soil\image_helper.cpp">
      <Filter>source files\soil</Filter>
    </ClCompile>
    <ClCompile Include="..\..\..\c_lib\lib\Soil\SOIL.cpp">
      <Filter>source files\soil</Filter>
    </ClCompile>
    <ClCompile Include="..\..\..\c_lib\lib\Soil\stb_image_aug.cpp">
      <Filter>source files\soil</Filter>
    </ClCompile>
    <ClCompile Include="..\..\..\FreeFont\free_font\free_font\free_font.cpp">
      <Filter>source files\free_font</Filter>
    </ClCompile>
    <ClCompile Include="..\..\..\g2\g2\g2_cpp\AceTexture.cpp">
      <Filter>source files\g2</Filter>
    </ClCompile>
    <ClCompile Include="..\..\..\g2\g2\g2_cpp\g2_canvas.cpp">
      <Filter>source files\g2</Filter>
    </ClCompile>
    <ClCompile Include="..\..\..\g2\g2\g2_cpp\g2_core.cpp">
      <Filter>source files\g2</Filter>
    </ClCompile>
    <ClCompile Include="..\..\..\g2\g2\g2_cpp\g2_font.cpp">
      <Filter>source files\g2</Filter>
    </ClCompile>
    <ClCompile Include="..\..\..\g2\g2\g2_cpp\g2_internal.cpp">
      <Filter>source files\g2</Filter>
    </ClCompile>
    <ClCompile Include="..\..\..\g2\g2\g2_cpp\g2_mask.cpp">
      <Filter>source files\g2</Filter>
    </ClCompile>
    <ClCompile Include="..\..\..\g2\g2\g2_cpp\g2_opacity.cpp">
      <Filter>source files\g2</Filter>
    </ClCompile>
    <ClCompile Include="..\..\..\g2\g2\g2_cpp\g2_rect.cpp">
      <Filter>source files\g2</Filter>
    </ClCompile>
    <ClCompile Include="..\..\..\g2\g2\g2_cpp\g2_texture.cpp">
      <Filter>source files\g2</Filter>
    </ClCompile>
    <ClCompile Include="sample\init.cpp">
      <Filter>sample</Filter>
    </ClCompile>
    <ClCompile Include="sample\main.cpp">
      <Filter>sample</Filter>
    </ClCompile>
    <ClCompile Include="bellina\bl-fluent-border.cpp">
      <Filter>bellina\bl-om</Filter>
    </ClCompile>
    <ClCompile Include="bellina\bl-fluent-font.cpp">
      <Filter>bellina\bl-om</Filter>
    </ClCompile>
    <ClCompile Include="bellina\bl-flags.cpp">
      <Filter>bellina\bl-lib</Filter>
    </ClCompile>
    <ClCompile Include="bellina\bl-util.cpp">
      <Filter>bellina\bl-util</Filter>
    </ClCompile>
    <ClCompile Include="bellina\bl-sys.cpp">
      <Filter>bellina\bl-util</Filter>
    </ClCompile>
    <ClCompile Include="bellina\bl-plugin.cpp">
      <Filter>bellina\bl-plugin</Filter>
    </ClCompile>
    <ClCompile Include="..\..\..\eos\eos_dev\eos_dev\eos\eos.cpp">
      <Filter>source files\eos</Filter>
    </ClCompile>
    <ClCompile Include="bellina\bl-window.cpp">
      <Filter>bellina\bl-input</Filter>
    </ClCompile>
    <ClCompile Include="plugins\focus\focus.cpp">
      <Filter>plugins\focus</Filter>
    </ClCompile>
    <ClCompile Include="plugins\click\click.cpp">
      <Filter>plugins\click</Filter>
    </ClCompile>
    <ClCompile Include="bellina\bl-core.cpp">
      <Filter>bellina\bl-core</Filter>
    </ClCompile>
    <ClCompile Include="bellina\bl-core-node.cpp">
      <Filter>bellina\bl-core</Filter>
    </ClCompile>
    <ClCompile Include="bellina\bl-globals.cpp">
      <Filter>bellina\bl-core</Filter>
    </ClCompile>
    <ClCompile Include="bellina\bl-echo.cpp">
      <Filter>bellina\bl-echo</Filter>
    </ClCompile>
    <ClCompile Include="bellina\bl-plugin-bubble.cpp">
      <Filter>bellina\bl-plugin</Filter>
    </ClCompile>
    <ClCompile Include="plugins\double-click\double-click.cpp">
      <Filter>plugins\double-click</Filter>
    </ClCompile>
    <ClCompile Include="bellina\bl-lifecycle.cpp">
      <Filter>bellina\bl-core\life cycle</Filter>
    </ClCompile>
    <ClCompile Include="bellina\bl-shadow.cpp">
      <Filter>bellina\bl-om\shadow</Filter>
    </ClCompile>
    <ClCompile Include="plugins\z-index\z-index.cpp">
      <Filter>plugins\z-index</Filter>
    </ClCompile>
    <ClCompile Include="bellina\bl-pump.cpp">
      <Filter>bellina\bl-input\pump</Filter>
    </ClCompile>
    <ClCompile Include="bellina\bl-input.cpp">
      <Filter>bellina\bl-input</Filter>
    </ClCompile>
    <ClCompile Include="bellina\bl-mouse.cpp">
      <Filter>bellina\bl-input\mouse</Filter>
    </ClCompile>
    <ClCompile Include="bellina\bl-core-mouse.cpp">
      <Filter>bellina\bl-input\mouse</Filter>
    </ClCompile>
    <ClCompile Include="plugins\mouse-in\mouse-in.cpp">
      <Filter>plugins\mouse-in</Filter>
    </ClCompile>
    <ClCompile Include="plugins\resize\resize.cpp">
      <Filter>plugins\resize</Filter>
    </ClCompile>
    <ClCompile Include="plugins\mouse-drag\mouse-drag.cpp">
      <Filter>plugins\mouse-drag</Filter>
    </ClCompile>
    <ClCompile Include="plugins\node-drag\node-drag.cpp">
      <Filter>plugins\node-drag</Filter>
    </ClCompile>
    <ClCompile Include="bellina\bl-node.cpp">
      <Filter>bellina\bl-om\node</Filter>
    </ClCompile>
    <ClCompile Include="bellina\bl-shadow-node.cpp">
      <Filter>bellina\bl-om\shadow</Filter>
    </ClCompile>
  </ItemGroup>
</Project>